// !$*UTF8*$!
{
	archiveVersion = 1;
	classes = {
	};
	objectVersion = 46;
	objects = {

/* Begin PBXBuildFile section */
		118288241DDC450F00149E9F /* AppDelegate.swift in Sources */ = {isa = PBXBuildFile; fileRef = 118288231DDC450F00149E9F /* AppDelegate.swift */; };
		118288261DDC450F00149E9F /* ViewController.swift in Sources */ = {isa = PBXBuildFile; fileRef = 118288251DDC450F00149E9F /* ViewController.swift */; };
		118288291DDC450F00149E9F /* Main.storyboard in Resources */ = {isa = PBXBuildFile; fileRef = 118288271DDC450F00149E9F /* Main.storyboard */; };
		1182882B1DDC450F00149E9F /* Assets.xcassets in Resources */ = {isa = PBXBuildFile; fileRef = 1182882A1DDC450F00149E9F /* Assets.xcassets */; };
		1182882E1DDC450F00149E9F /* LaunchScreen.storyboard in Resources */ = {isa = PBXBuildFile; fileRef = 1182882C1DDC450F00149E9F /* LaunchScreen.storyboard */; };
/* End PBXBuildFile section */

/* Begin PBXFileReference section */
		118288201DDC450F00149E9F /* DouyuSwift.app */ = {isa = PBXFileReference; explicitFileType = wrapper.application; includeInIndex = 0; path = DouyuSwift.app; sourceTree = BUILT_PRODUCTS_DIR; };
		118288231DDC450F00149E9F /* AppDelegate.swift */ = {isa = PBXFileReference; lastKnownFileType = sourcecode.swift; path = AppDelegate.swift; sourceTree = "<group>"; };
		118288251DDC450F00149E9F /* ViewController.swift */ = {isa = PBXFileReference; lastKnownFileType = sourcecode.swift; path = ViewController.swift; sourceTree = "<group>"; };
		118288281DDC450F00149E9F /* Base */ = {isa = PBXFileReference; lastKnownFileType = file.storyboard; name = Base; path = Base.lproj/Main.storyboard; sourceTree = "<group>"; };
		1182882A1DDC450F00149E9F /* Assets.xcassets */ = {isa = PBXFileReference; lastKnownFileType = folder.assetcatalog; path = Assets.xcassets; sourceTree = "<group>"; };
		1182882D1DDC450F00149E9F /* Base */ = {isa = PBXFileReference; lastKnownFileType = file.storyboard; name = Base; path = Base.lproj/LaunchScreen.storyboard; sourceTree = "<group>"; };
		1182882F1DDC450F00149E9F /* Info.plist */ = {isa = PBXFileReference; lastKnownFileType = text.plist.xml; path = Info.plist; sourceTree = "<group>"; };
/* End PBXFileReference section */

/* Begin PBXFrameworksBuildPhase section */
		1182881D1DDC450F00149E9F /* Frameworks */ = {
			isa = PBXFrameworksBuildPhase;
			buildActionMask = 2147483647;
			files = (
			);
			runOnlyForDeploymentPostprocessing = 0;
		};
/* End PBXFrameworksBuildPhase section */

/* Begin PBXGroup section */
		118288171DDC450F00149E9F = {
			isa = PBXGroup;
			children = (
				118288221DDC450F00149E9F /* DouyuSwift */,
				118288211DDC450F00149E9F /* Products */,
			);
			sourceTree = "<group>";
		};
		118288211DDC450F00149E9F /* Products */ = {
			isa = PBXGroup;
			children = (
				118288201DDC450F00149E9F /* DouyuSwift.app */,
			);
			name = Products;
			sourceTree = "<group>";
		};
		118288221DDC450F00149E9F /* DouyuSwift */ = {
			isa = PBXGroup;
			children = (
				118288351DDC4D6100149E9F /* Class */,
				118288231DDC450F00149E9F /* AppDelegate.swift */,
				118288251DDC450F00149E9F /* ViewController.swift */,
				118288271DDC450F00149E9F /* Main.storyboard */,
				1182882A1DDC450F00149E9F /* Assets.xcassets */,
				1182882C1DDC450F00149E9F /* LaunchScreen.storyboard */,
				1182882F1DDC450F00149E9F /* Info.plist */,
			);
			path = DouyuSwift;
			sourceTree = "<group>";
		};
		118288351DDC4D6100149E9F /* Class */ = {
			isa = PBXGroup;
			children = (
				118288381DDC4D6100149E9F /* Main */,
				1182883B1DDC4D9200149E9F /* Home */,
				118288371DDC4D6100149E9F /* Live */,
				118288361DDC4D6100149E9F /* Follow */,
				118288391DDC4D6100149E9F /* Profile */,
				1182883A1DDC4D6100149E9F /* Tools */,
			);
			path = Class;
			sourceTree = "<group>";
		};
		118288361DDC4D6100149E9F /* Follow */ = {
			isa = PBXGroup;
			children = (
			);
			path = Follow;
			sourceTree = "<group>";
		};
		118288371DDC4D6100149E9F /* Live */ = {
			isa = PBXGroup;
			children = (
			);
			path = Live;
			sourceTree = "<group>";
		};
		118288381DDC4D6100149E9F /* Main */ = {
			isa = PBXGroup;
			children = (
			);
			path = Main;
			sourceTree = "<group>";
		};
		118288391DDC4D6100149E9F /* Profile */ = {
			isa = PBXGroup;
			children = (
			);
			path = Profile;
			sourceTree = "<group>";
		};
		1182883A1DDC4D6100149E9F /* Tools */ = {
			isa = PBXGroup;
			children = (
			);
			path = Tools;
			sourceTree = "<group>";
		};
		1182883B1DDC4D9200149E9F /* Home */ = {
			isa = PBXGroup;
			children = (
			);
			path = Home;
			sourceTree = "<group>";
		};
/* End PBXGroup section */

/* Begin PBXNativeTarget section */
		1182881F1DDC450F00149E9F /* DouyuSwift */ = {
			isa = PBXNativeTarget;
			buildConfigurationList = 118288321DDC450F00149E9F /* Build configuration list for PBXNativeTarget "DouyuSwift" */;
			buildPhases = (
				1182881C1DDC450F00149E9F /* Sources */,
				1182881D1DDC450F00149E9F /* Frameworks */,
				1182881E1DDC450F00149E9F /* Resources */,
			);
			buildRules = (
			);
			dependencies = (
			);
			name = DouyuSwift;
			productName = DouyuSwift;
			productReference = 118288201DDC450F00149E9F /* DouyuSwift.app */;
			productType = "com.apple.product-type.application";
		};
/* End PBXNativeTarget section */

/* Begin PBXProject section */
		118288181DDC450F00149E9F /* Project object */ = {
			isa = PBXProject;
			attributes = {
				LastSwiftUpdateCheck = 0810;
				LastUpgradeCheck = 0810;
				ORGANIZATIONNAME = Kenway;
				TargetAttributes = {
					1182881F1DDC450F00149E9F = {
						CreatedOnToolsVersion = 8.1;
						ProvisioningStyle = Automatic;
					};
				};
			};
			buildConfigurationList = 1182881B1DDC450F00149E9F /* Build configuration list for PBXProject "DouyuSwift" */;
			compatibilityVersion = "Xcode 3.2";
			developmentRegion = English;
			hasScannedForEncodings = 0;
			knownRegions = (
				en,
				Base,
			);
			mainGroup = 118288171DDC450F00149E9F;
			productRefGroup = 118288211DDC450F00149E9F /* Products */;
			projectDirPath = "";
			projectRoot = "";
			targets = (
				1182881F1DDC450F00149E9F /* DouyuSwift */,
			);
		};
/* End PBXProject section */

/* Begin PBXResourcesBuildPhase section */
		1182881E1DDC450F00149E9F /* Resources */ = {
			isa = PBXResourcesBuildPhase;
			buildActionMask = 2147483647;
			files = (
				1182882E1DDC450F00149E9F /* LaunchScreen.storyboard in Resources */,
				1182882B1DDC450F00149E9F /* Assets.xcassets in Resources */,
				118288291DDC450F00149E9F /* Main.storyboard in Resources */,
			);
			runOnlyForDeploymentPostprocessing = 0;
		};
/* End PBXResourcesBuildPhase section */

/* Begin PBXSourcesBuildPhase section */
		1182881C1DDC450F00149E9F /* Sources */ = {
			isa = PBXSourcesBuildPhase;
			buildActionMask = 2147483647;
			files = (
				118288261DDC450F00149E9F /* ViewController.swift in Sources */,
				118288241DDC450F00149E9F /* AppDelegate.swift in Sources */,
			);
			runOnlyForDeploymentPostprocessing = 0;
		};
/* End PBXSourcesBuildPhase section */

/* Begin PBXVariantGroup section */
		118288271DDC450F00149E9F /* Main.storyboard */ = {
			isa = PBXVariantGroup;
			children = (
				118288281DDC450F00149E9F /* Base */,
			);
			name = Main.storyboard;
			sourceTree = "<group>";
		};
		1182882C1DDC450F00149E9F /* LaunchScreen.storyboard */ = {
			isa = PBXVariantGroup;
			children = (
				1182882D1DDC450F00149E9F /* Base */,
			);
			name = LaunchScreen.storyboard;
			sourceTree = "<group>";
		};
/* End PBXVariantGroup section */

/* Begin XCBuildConfiguration section */
		118288301DDC450F00149E9F /* Debug */ = {
			isa = XCBuildConfiguration;
			buildSettings = {
				ALWAYS_SEARCH_USER_PATHS = NO;
				CLANG_ANALYZER_NONNULL = YES;
				CLANG_CXX_LANGUAGE_STANDARD = "gnu++0x";
				CLANG_CXX_LIBRARY = "libc++";
				CLANG_ENABLE_MODULES = YES;
				CLANG_ENABLE_OBJC_ARC = YES;
				CLANG_WARN_BOOL_CONVERSION = YES;
				CLANG_WARN_CONSTANT_CONVERSION = YES;
				CLANG_WARN_DIRECT_OBJC_ISA_USAGE = YES_ERROR;
				CLANG_WARN_DOCUMENTATION_COMMENTS = YES;
				CLANG_WARN_EMPTY_BODY = YES;
				CLANG_WARN_ENUM_CONVERSION = YES;
				CLANG_WARN_INFINITE_RECURSION = YES;
				CLANG_WARN_INT_CONVERSION = YES;
				CLANG_WARN_OBJC_ROOT_CLASS = YES_ERROR;
				CLANG_WARN_SUSPICIOUS_MOVES = YES;
				CLANG_WARN_UNREACHABLE_CODE = YES;
				CLANG_WARN__DUPLICATE_METHOD_MATCH = YES;
				"CODE_SIGN_IDENTITY[sdk=iphoneos*]" = "iPhone Developer";
				COPY_PHASE_STRIP = NO;
				DEBUG_INFORMATION_FORMAT = dwarf;
				ENABLE_STRICT_OBJC_MSGSEND = YES;
				ENABLE_TESTABILITY = YES;
				GCC_C_LANGUAGE_STANDARD = gnu99;
				GCC_DYNAMIC_NO_PIC = NO;
				GCC_NO_COMMON_BLOCKS = YES;
				GCC_OPTIMIZATION_LEVEL = 0;
				GCC_PREPROCESSOR_DEFINITIONS = (
					"DEBUG=1",
					"$(inherited)",
				);
				GCC_WARN_64_TO_32_BIT_CONVERSION = YES;
				GCC_WARN_ABOUT_RETURN_TYPE = YES_ERROR;
				GCC_WARN_UNDECLARED_SELECTOR = YES;
				GCC_WARN_UNINITIALIZED_AUTOS = YES_AGGRESSIVE;
				GCC_WARN_UNUSED_FUNCTION = YES;
				GCC_WARN_UNUSED_VARIABLE = YES;
				IPHONEOS_DEPLOYMENT_TARGET = 10.1;
				MTL_ENABLE_DEBUG_INFO = YES;
				ONLY_ACTIVE_ARCH = YES;
				SDKROOT = iphoneos;
				SWIFT_ACTIVE_COMPILATION_CONDITIONS = DEBUG;
				SWIFT_OPTIMIZATION_LEVEL = "-Onone";
			};
			name = Debug;
		};
		118288311DDC450F00149E9F /* Release */ = {
			isa = XCBuildConfiguration;
			buildSettings = {
				ALWAYS_SEARCH_USER_PATHS = NO;
				CLANG_ANALYZER_NONNULL = YES;
				CLANG_CXX_LANGUAGE_STANDARD = "gnu++0x";
				CLANG_CXX_LIBRARY = "libc++";
				CLANG_ENABLE_MODULES = YES;
				CLANG_ENABLE_OBJC_ARC = YES;
				CLANG_WARN_BOOL_CONVERSION = YES;
				CLANG_WARN_CONSTANT_CONVERSION = YES;
				CLANG_WARN_DIRECT_OBJC_ISA_USAGE = YES_ERROR;
				CLANG_WARN_DOCUMENTATION_COMMENTS = YES;
				CLANG_WARN_EMPTY_BODY = YES;
				CLANG_WARN_ENUM_CONVERSION = YES;
				CLANG_WARN_INFINITE_RECURSION = YES;
				CLANG_WARN_INT_CONVERSION = YES;
				CLANG_WARN_OBJC_ROOT_CLASS = YES_ERROR;
				CLANG_WARN_SUSPICIOUS_MOVES = YES;
				CLANG_WARN_UNREACHABLE_CODE = YES;
				CLANG_WARN__DUPLICATE_METHOD_MATCH = YES;
				"CODE_SIGN_IDENTITY[sdk=iphoneos*]" = "iPhone Developer";
				COPY_PHASE_STRIP = NO;
				DEBUG_INFORMATION_FORMAT = "dwarf-with-dsym";
				ENABLE_NS_ASSERTIONS = NO;
				ENABLE_STRICT_OBJC_MSGSEND = YES;
				GCC_C_LANGUAGE_STANDARD = gnu99;
				GCC_NO_COMMON_BLOCKS = YES;
				GCC_WARN_64_TO_32_BIT_CONVERSION = YES;
				GCC_WARN_ABOUT_RETURN_TYPE = YES_ERROR;
				GCC_WARN_UNDECLARED_SELECTOR = YES;
				GCC_WARN_UNINITIALIZED_AUTOS = YES_AGGRESSIVE;
				GCC_WARN_UNUSED_FUNCTION = YES;
				GCC_WARN_UNUSED_VARIABLE = YES;
				IPHONEOS_DEPLOYMENT_TARGET = 10.1;
				MTL_ENABLE_DEBUG_INFO = NO;
				SDKROOT = iphoneos;
				SWIFT_OPTIMIZATION_LEVEL = "-Owholemodule";
				VALIDATE_PRODUCT = YES;
			};
			name = Release;
		};
		118288331DDC450F00149E9F /* Debug */ = {
			isa = XCBuildConfiguration;
			buildSettings = {
				ASSETCATALOG_COMPILER_APPICON_NAME = AppIcon;
				ASSETCATALOG_COMPILER_LAUNCHIMAGE_NAME = LaunchImage;
				"CODE_SIGN_IDENTITY[sdk=iphoneos*]" = "iPhone Developer";
				DEVELOPMENT_TEAM = "";
				INFOPLIST_FILE = DouyuSwift/Info.plist;
				IPHONEOS_DEPLOYMENT_TARGET = 9.0;
				LD_RUNPATH_SEARCH_PATHS = "$(inherited) @executable_path/Frameworks";
				PRODUCT_BUNDLE_IDENTIFIER = manito.DouyuSwift;
				PRODUCT_NAME = "$(TARGET_NAME)";
				SWIFT_VERSION = 3.0;
			};
			name = Debug;
		};
		118288341DDC450F00149E9F /* Release */ = {
			isa = XCBuildConfiguration;
			buildSettings = {
				ASSETCATALOG_COMPILER_APPICON_NAME = AppIcon;
				ASSETCATALOG_COMPILER_LAUNCHIMAGE_NAME = LaunchImage;
				"CODE_SIGN_IDENTITY[sdk=iphoneos*]" = "iPhone Developer";
				DEVELOPMENT_TEAM = "";
				INFOPLIST_FILE = DouyuSwift/Info.plist;
				IPHONEOS_DEPLOYMENT_TARGET = 9.0;
				LD_RUNPATH_SEARCH_PATHS = "$(inherited) @executable_path/Frameworks";
				PRODUCT_BUNDLE_IDENTIFIER = manito.DouyuSwift;
				PRODUCT_NAME = "$(TARGET_NAME)";
				SWIFT_VERSION = 3.0;
			};
			name = Release;
		};
/* End XCBuildConfiguration section */

/* Begin XCConfigurationList section */
		1182881B1DDC450F00149E9F /* Build configuration list for PBXProject "DouyuSwift" */ = {
			isa = XCConfigurationList;
			buildConfigurations = (
				118288301DDC450F00149E9F /* Debug */,
				118288311DDC450F00149E9F /* Release */,
			);
			defaultConfigurationIsVisible = 0;
			defaultConfigurationName = Release;
		};
		118288321DDC450F00149E9F /* Build configuration list for PBXNativeTarget "DouyuSwift" */ = {
			isa = XCConfigurationList;
			buildConfigurations = (
				118288331DDC450F00149E9F /* Debug */,
				118288341DDC450F00149E9F /* Release */,
			);
			defaultConfigurationIsVisible = 0;
			defaultConfigurationName = Release;
		};
/* End XCConfigurationList section */
	};
	rootObject = 118288181DDC450F00149E9F /* Project object */;
}
